{
    "name": "vscode-styled-components",
    "version": "0.0.23",
    "lockfileVersion": 1,
    "requires": true,
    "dependencies": {
        "@emmetio/extract-abbreviation": {
            "version": "0.1.6",
            "resolved": "https://registry.npmjs.org/@emmetio/extract-abbreviation/-/extract-abbreviation-0.1.6.tgz",
            "integrity": "sha512-Ce3xE2JvTSEbASFbRbA1gAIcMcZWdS2yUYRaQbeM0nbOzaZrUYfa3ePtcriYRZOZmr+CkKA+zbjhvTpIOAYVcw=="
        },
        "jsonc-parser": {
            "version": "1.0.3",
            "resolved": "https://registry.npmjs.org/jsonc-parser/-/jsonc-parser-1.0.3.tgz",
            "integrity": "sha512-hk/69oAeaIzchq/v3lS50PXuzn5O2ynldopMC+SWBql7J2WtdptfB9dy8Y7+Og5rPkTCpn83zTiO8FMcqlXJ/g=="
        },
        "prettier": {
            "version": "1.14.3",
            "resolved": "https://registry.npmjs.org/prettier/-/prettier-1.14.3.tgz",
            "integrity": "sha512-qZDVnCrnpsRJJq5nSsiHCE3BYMED2OtsI+cmzIzF1QIfqm5ALf8tEJcO27zV1gKNKRPdhjO0dNWnrzssDQ1tFg==",
            "dev": true
        },
        "prettier-cli": {
            "version": "0.1.0",
            "resolved": "https://registry.npmjs.org/prettier-cli/-/prettier-cli-0.1.0.tgz",
            "integrity": "sha512-FzI6Hs9/YsrVCuxpcO0VG7sBQT7LWpeETEV0SzAFyNgb7oFjnnVf0CCYHieGI9B1RsgyaiH9HCUXYPluHRV0gw==",
            "dev": true
        },
        "typescript-styled-plugin": {
            "version": "0.12.0",
            "resolved": "https://registry.npmjs.org/typescript-styled-plugin/-/typescript-styled-plugin-0.12.0.tgz",
            "integrity": "sha512-dqetvWmgwkfeUNyWlGlolnAw/A65bj+9I33MFQcy7a6JslZ71Zhvp0HMLmLYgF24qk5J8/UIGcYYUh7lJZIpLQ==",
            "requires": {
                "typescript-template-language-service-decorator": "^2.0.0",
                "vscode-css-languageservice": "^3.0.11",
                "vscode-emmet-helper": "1.2.11",
                "vscode-languageserver-types": "^3.13.0"
            }
        },
        "typescript-template-language-service-decorator": {
            "version": "2.0.0",
            "resolved": "https://registry.npmjs.org/typescript-template-language-service-decorator/-/typescript-template-language-service-decorator-2.0.0.tgz",
            "integrity": "sha512-wbrje6G8t+h/xBRP+gyAXYpR0+U7the2YnfsF59SKz//gdLnpL+cSFhIuW61I07XXDyU68yMBFqUzm0Hg1Xpcg=="
        },
        "vscode-css-languageservice": {
            "version": "3.0.11",
            "resolved": "https://registry.npmjs.org/vscode-css-languageservice/-/vscode-css-languageservice-3.0.11.tgz",
            "integrity": "sha512-XweDpjcD+VMguJMcr5V1OHE3GclVWJ7DpojpxrlsGCJlUumY/Xrv4VcMta6z7wUBwsmOeyogT5Hf/L2SzBg6Jw==",
            "requires": {
                "vscode-languageserver-types": "^3.13.0",
                "vscode-nls": "^4.0.0"
            }
        },
        "vscode-emmet-helper": {
            "version": "1.2.11",
            "resolved": "https://registry.npmjs.org/vscode-emmet-helper/-/vscode-emmet-helper-1.2.11.tgz",
            "integrity": "sha512-ms6/Z9TfNbjXS8r/KgbGxrNrFlu4RcIfVJxTZ2yFi0K4gn+Ka9X1+8cXvb5+5IOBGUrOsPjR0BuefdDkG+CKbQ==",
            "requires": {
                "@emmetio/extract-abbreviation": "0.1.6",
                "jsonc-parser": "^1.0.0",
                "vscode-languageserver-types": "^3.6.0-next.1"
            }
        },
        "vscode-languageserver-types": {
            "version": "3.13.0",
            "resolved": "https://registry.npmjs.org/vscode-languageserver-types/-/vscode-languageserver-types-3.13.0.tgz",
            "integrity": "sha512-BnJIxS+5+8UWiNKCP7W3g9FlE7fErFw0ofP5BXJe7c2tl0VeWh+nNHFbwAS2vmVC4a5kYxHBjRy0UeOtziemVA=="
        },
        "vscode-nls": {
            "version": "4.0.0",
            "resolved": "https://registry.npmjs.org/vscode-nls/-/vscode-nls-4.0.0.tgz",
            "integrity": "sha512-qCfdzcH+0LgQnBpZA53bA32kzp9rpq/f66Som577ObeuDlFIrtbEJ+A/+CCxjIh4G8dpJYNCKIsxpRAHIfsbNw=="
        }
    }
}
