{
    "name": "vscode-styled-components",
    "version": "0.0.17",
    "lockfileVersion": 1,
    "requires": true,
    "dependencies": {
        "@emmetio/extract-abbreviation": {
            "version": "0.1.6",
            "resolved": "https://registry.npmjs.org/@emmetio/extract-abbreviation/-/extract-abbreviation-0.1.6.tgz",
            "integrity": "sha512-Ce3xE2JvTSEbASFbRbA1gAIcMcZWdS2yUYRaQbeM0nbOzaZrUYfa3ePtcriYRZOZmr+CkKA+zbjhvTpIOAYVcw=="
        },
        "jsonc-parser": {
            "version": "1.0.3",
            "resolved": "https://registry.npmjs.org/jsonc-parser/-/jsonc-parser-1.0.3.tgz",
            "integrity": "sha512-hk/69oAeaIzchq/v3lS50PXuzn5O2ynldopMC+SWBql7J2WtdptfB9dy8Y7+Og5rPkTCpn83zTiO8FMcqlXJ/g=="
        },
        "typescript-styled-plugin": {
            "version": "0.6.1",
            "resolved": "https://registry.npmjs.org/typescript-styled-plugin/-/typescript-styled-plugin-0.6.1.tgz",
            "integrity": "sha512-VQQ7vBlN9Pi3zURsExU7tAUDFRYR7Gdr6YZ6kEmWm4Zdg+leeQkZ5blSVXEaCtLIiTTzTZ7CGiDo7lc7wZttoA==",
            "requires": {
                "typescript-template-language-service-decorator": "1.2.0",
                "vscode-css-languageservice": "3.0.8",
                "vscode-emmet-helper": "1.1.36",
                "vscode-languageserver-types": "3.7.1"
            }
        },
        "typescript-template-language-service-decorator": {
            "version": "1.2.0",
            "resolved": "https://registry.npmjs.org/typescript-template-language-service-decorator/-/typescript-template-language-service-decorator-1.2.0.tgz",
            "integrity": "sha512-rF0jrvpYn6Ec2jnxBHF1st/HEl84LV7od8872o82zHgKEU1vFhT4x6fvuLi5UD0gl2gKv3zSefG18DoeUHE7ig=="
        },
        "vscode-css-languageservice": {
            "version": "3.0.8",
            "resolved": "https://registry.npmjs.org/vscode-css-languageservice/-/vscode-css-languageservice-3.0.8.tgz",
            "integrity": "sha512-3db4v/st2eT9fmKqwtgIl/mEq81wd5dQHBHswKLF4/QjpVoE0OzRq5iO8nppOcfSuLuCEr72C/cWmygMCSL9Rw==",
            "requires": {
                "vscode-languageserver-types": "3.7.1",
                "vscode-nls": "3.2.2"
            }
        },
        "vscode-emmet-helper": {
            "version": "1.1.36",
            "resolved": "https://registry.npmjs.org/vscode-emmet-helper/-/vscode-emmet-helper-1.1.36.tgz",
            "integrity": "sha512-MbGlzcY2NZPeF6drPEpSJbiBKUt6q1EhBjQX8DbQxyjdUFscAqb9Ke+62flRX0H1toimovd8Kl5cyhKV0IoZLw==",
            "requires": {
                "@emmetio/extract-abbreviation": "0.1.6",
                "jsonc-parser": "1.0.3",
                "vscode-languageserver-types": "3.7.1"
            }
        },
        "vscode-languageserver-types": {
            "version": "3.7.1",
            "resolved": "https://registry.npmjs.org/vscode-languageserver-types/-/vscode-languageserver-types-3.7.1.tgz",
            "integrity": "sha512-ftGfU79AnnI3OHCG7kzCCN47jNI7BjECPAH2yhddtYTiQk0bnFbuFeQKvpXQcyNI3GsKEx5b6kSiBYshTiep6w=="
        },
        "vscode-nls": {
            "version": "3.2.2",
            "resolved": "https://registry.npmjs.org/vscode-nls/-/vscode-nls-3.2.2.tgz",
            "integrity": "sha512-/Ur1+tgazwd51+ncRyoy0UIu4dvMdVXS9XMUULQlZIBoNGEwOhwEx9x+hHWoUjldMrOQ32t2CGKo0u6D4R6/hg=="
        }
    }
}
