{
    "name": "vscode-styled-components",
    "version": "0.0.10",
    "lockfileVersion": 1,
    "requires": true,
    "dependencies": {
        "typescript-styled-plugin": {
            "version": "0.3.1",
            "resolved": "https://registry.npmjs.org/typescript-styled-plugin/-/typescript-styled-plugin-0.3.1.tgz",
            "integrity": "sha512-oIXuSckG723q8lTprWxoYpJM6IV/x/G08U4nC0DCXGI4gMQw0ak1mjwLpRMowuD5ENELrcU6AinTpyLTREXc4A==",
            "requires": {
                "typescript-template-language-service-decorator": "1.1.0",
                "vscode-css-languageservice": "2.1.11",
                "vscode-languageserver-types": "3.5.0"
            }
        },
        "typescript-template-language-service-decorator": {
            "version": "1.1.0",
            "resolved": "https://registry.npmjs.org/typescript-template-language-service-decorator/-/typescript-template-language-service-decorator-1.1.0.tgz",
            "integrity": "sha512-+mALyEIQTMskZJErim4wG60tBWmXwk1lyuWqZk5K1/pDC8KmmJdyeJo0Gye49cSY4P7xSsJzARuL481rnwqvbg=="
        },
        "vscode-css-languageservice": {
            "version": "2.1.11",
            "resolved": "https://registry.npmjs.org/vscode-css-languageservice/-/vscode-css-languageservice-2.1.11.tgz",
            "integrity": "sha1-BRrZaB1Qzu5fg6IBQsjGWagBHt4=",
            "requires": {
                "vscode-languageserver-types": "3.5.0",
                "vscode-nls": "2.0.2"
            }
        },
        "vscode-languageserver-types": {
            "version": "3.5.0",
            "resolved": "https://registry.npmjs.org/vscode-languageserver-types/-/vscode-languageserver-types-3.5.0.tgz",
            "integrity": "sha1-5I15li8LjgLelV4/UkkI4rGcA3Q="
        },
        "vscode-nls": {
            "version": "2.0.2",
            "resolved": "https://registry.npmjs.org/vscode-nls/-/vscode-nls-2.0.2.tgz",
            "integrity": "sha1-gIUiOAhEuK0VNJmvXDsDkhrqAto="
        }
    }
}
